Microsoft Visual Studio Solution File, Format Version 12.00
# Visual Studio Version 17
VisualStudioVersion = 17.11.35222.181
MinimumVisualStudioVersion = 10.0.40219.1
Project("{FAE04EC0-301F-11D3-BF4B-00C04F79EFBC}") = "GMRMigrationTest.AppHost", "GMRMigrationTest.AppHost\GMRMigrationTest.AppHost.csproj", "{FAD0A461-0A93-439F-8104-D172D7F0741B}"
EndProject
Project("{9A19103F-16F7-4668-BE54-9A1E7A4F7556}") = "GMRMigrationTest.ServiceDefaults", "GMRMigrationTest.ServiceDefaults\GMRMigrationTest.ServiceDefaults.csproj", "{3BFAE201-6020-430C-BD76-5B2D64306594}"
EndProject
Project("{9A19103F-16F7-4668-BE54-9A1E7A4F7556}") = "GMRMigrationTest.ApiService", "GMRMigrationTest.ApiService\GMRMigrationTest.ApiService.csproj", "{ACC2DA29-1D18-4FE2-A3D1-7EB83BFC2B9E}"
EndProject
Project("{9A19103F-16F7-4668-BE54-9A1E7A4F7556}") = "GMRMigrationTest.Web", "GMRMigrationTest.Web\GMRMigrationTest.Web.csproj", "{B1B506F4-829F-4070-9FE0-3B36D8129555}"
EndProject
Global
	GlobalSection(SolutionConfigurationPlatforms) = preSolution
		Debug|Any CPU = Debug|Any CPU
		Release|Any CPU = Release|Any CPU
	EndGlobalSection
	GlobalSection(ProjectConfigurationPlatforms) = postSolution
		{FAD0A461-0A93-439F-8104-D172D7F0741B}.Debug|Any CPU.ActiveCfg = Debug|Any CPU
		{FAD0A461-0A93-439F-8104-D172D7F0741B}.Debug|Any CPU.Build.0 = Debug|Any CPU
		{FAD0A461-0A93-439F-8104-D172D7F0741B}.Release|Any CPU.ActiveCfg = Release|Any CPU
		{FAD0A461-0A93-439F-8104-D172D7F0741B}.Release|Any CPU.Build.0 = Release|Any CPU
		{3BFAE201-6020-430C-BD76-5B2D64306594}.Debug|Any CPU.ActiveCfg = Debug|Any CPU
		{3BFAE201-6020-430C-BD76-5B2D64306594}.Debug|Any CPU.Build.0 = Debug|Any CPU
		{3BFAE201-6020-430C-BD76-5B2D64306594}.Release|Any CPU.ActiveCfg = Release|Any CPU
		{3BFAE201-6020-430C-BD76-5B2D64306594}.Release|Any CPU.Build.0 = Release|Any CPU
		{ACC2DA29-1D18-4FE2-A3D1-7EB83BFC2B9E}.Debug|Any CPU.ActiveCfg = Debug|Any CPU
		{ACC2DA29-1D18-4FE2-A3D1-7EB83BFC2B9E}.Debug|Any CPU.Build.0 = Debug|Any CPU
		{ACC2DA29-1D18-4FE2-A3D1-7EB83BFC2B9E}.Release|Any CPU.ActiveCfg = Release|Any CPU
		{ACC2DA29-1D18-4FE2-A3D1-7EB83BFC2B9E}.Release|Any CPU.Build.0 = Release|Any CPU
		{B1B506F4-829F-4070-9FE0-3B36D8129555}.Debug|Any CPU.ActiveCfg = Debug|Any CPU
		{B1B506F4-829F-4070-9FE0-3B36D8129555}.Debug|Any CPU.Build.0 = Debug|Any CPU
		{B1B506F4-829F-4070-9FE0-3B36D8129555}.Release|Any CPU.ActiveCfg = Release|Any CPU
		{B1B506F4-829F-4070-9FE0-3B36D8129555}.Release|Any CPU.Build.0 = Release|Any CPU
	EndGlobalSection
	GlobalSection(SolutionProperties) = preSolution
		HideSolutionNode = FALSE
	EndGlobalSection
	GlobalSection(ExtensibilityGlobals) = postSolution
		SolutionGuid = {0807B112-9C73-43E4-ACAA-89A75995B62C}
	EndGlobalSection
EndGlobal
