
Microsoft Visual Studio Solution File, Format Version 12.00
# Visual Studio Version 17
VisualStudioVersion = 17.11.35222.181
MinimumVisualStudioVersion = 10.0.40219.1
Project("{FAE04EC0-301F-11D3-BF4B-00C04F79EFBC}") = "TestPipelineFunction", "TestPipelineFunction.csproj", "{24B5A291-F891-4D96-9BD0-5DAC4D1BAB8D}"
EndProject
Global
	GlobalSection(SolutionConfigurationPlatforms) = preSolution
		Debug|Any CPU = Debug|Any CPU
		Release|Any CPU = Release|Any CPU
	EndGlobalSection
	GlobalSection(ProjectConfigurationPlatforms) = postSolution
		{24B5A291-F891-4D96-9BD0-5DAC4D1BAB8D}.Debug|Any CPU.ActiveCfg = Debug|Any CPU
		{24B5A291-F891-4D96-9BD0-5DAC4D1BAB8D}.Debug|Any CPU.Build.0 = Debug|Any CPU
		{24B5A291-F891-4D96-9BD0-5DAC4D1BAB8D}.Release|Any CPU.ActiveCfg = Release|Any CPU
		{24B5A291-F891-4D96-9BD0-5DAC4D1BAB8D}.Release|Any CPU.Build.0 = Release|Any CPU
	EndGlobalSection
	GlobalSection(SolutionProperties) = preSolution
		HideSolutionNode = FALSE
	EndGlobalSection
	GlobalSection(ExtensibilityGlobals) = postSolution
		SolutionGuid = {E658D186-162A-4B75-AA9E-D8CF6A149F6A}
	EndGlobalSection
EndGlobal
